
Microsoft Visual Studio Solution File, Format Version 12.00
# Visual Studio Version 17
VisualStudioVersion = 17.13.35931.197 d17.13
MinimumVisualStudioVersion = 10.0.40219.1
Project("{FAE04EC0-301F-11D3-BF4B-00C04F79EFBC}") = "ConsoleAppPacmanGame", "ConsoleAppPacmanGame\ConsoleAppPacmanGame.csproj", "{7C01EBDB-2EED-4262-813C-38B5FC492191}"
EndProject
Global
	GlobalSection(SolutionConfigurationPlatforms) = preSolution
		Debug|Any CPU = Debug|Any CPU
		Release|Any CPU = Release|Any CPU
	EndGlobalSection
	GlobalSection(ProjectConfigurationPlatforms) = postSolution
		{7C01EBDB-2EED-4262-813C-38B5FC492191}.Debug|Any CPU.ActiveCfg = Debug|Any CPU
		{7C01EBDB-2EED-4262-813C-38B5FC492191}.Debug|Any CPU.Build.0 = Debug|Any CPU
		{7C01EBDB-2EED-4262-813C-38B5FC492191}.Release|Any CPU.ActiveCfg = Release|Any CPU
		{7C01EBDB-2EED-4262-813C-38B5FC492191}.Release|Any CPU.Build.0 = Release|Any CPU
	EndGlobalSection
	GlobalSection(SolutionProperties) = preSolution
		HideSolutionNode = FALSE
	EndGlobalSection
	GlobalSection(ExtensibilityGlobals) = postSolution
		SolutionGuid = {897D3711-5E2E-452E-BA67-46FAB4666C8A}
	EndGlobalSection
EndGlobal
